
Microsoft Visual Studio Solution File, Format Version 12.00
# Visual Studio 15
VisualStudioVersion = 15.0.27004.2009
MinimumVisualStudioVersion = 10.0.40219.1
Project("{FAE04EC0-301F-11D3-BF4B-00C04F79EFBC}") = "CUI", "CUI\CUI.csproj", "{781F5572-D803-4E93-95AB-AE849BE7C37A}"
EndProject
Project("{FAE04EC0-301F-11D3-BF4B-00C04F79EFBC}") = "SiteDownloader", "SiteDownloader\SiteDownloader.csproj", "{8C089D22-F2BC-4772-B948-2B8FEF9843C3}"
EndProject
Global
	GlobalSection(SolutionConfigurationPlatforms) = preSolution
		Debug|Any CPU = Debug|Any CPU
		Release|Any CPU = Release|Any CPU
	EndGlobalSection
	GlobalSection(ProjectConfigurationPlatforms) = postSolution
		{781F5572-D803-4E93-95AB-AE849BE7C37A}.Debug|Any CPU.ActiveCfg = Debug|Any CPU
		{781F5572-D803-4E93-95AB-AE849BE7C37A}.Debug|Any CPU.Build.0 = Debug|Any CPU
		{781F5572-D803-4E93-95AB-AE849BE7C37A}.Release|Any CPU.ActiveCfg = Release|Any CPU
		{781F5572-D803-4E93-95AB-AE849BE7C37A}.Release|Any CPU.Build.0 = Release|Any CPU
		{8C089D22-F2BC-4772-B948-2B8FEF9843C3}.Debug|Any CPU.ActiveCfg = Debug|Any CPU
		{8C089D22-F2BC-4772-B948-2B8FEF9843C3}.Debug|Any CPU.Build.0 = Debug|Any CPU
		{8C089D22-F2BC-4772-B948-2B8FEF9843C3}.Release|Any CPU.ActiveCfg = Release|Any CPU
		{8C089D22-F2BC-4772-B948-2B8FEF9843C3}.Release|Any CPU.Build.0 = Release|Any CPU
	EndGlobalSection
	GlobalSection(SolutionProperties) = preSolution
		HideSolutionNode = FALSE
	EndGlobalSection
	GlobalSection(ExtensibilityGlobals) = postSolution
		SolutionGuid = {333D3F2B-48E1-44B3-A5DF-CCB9807FE6BE}
	EndGlobalSection
EndGlobal
